
Microsoft Visual Studio Solution File, Format Version 12.00
# Visual Studio Version 17
VisualStudioVersion = 17.0.31903.59
MinimumVisualStudioVersion = 10.0.40219.1
Project("{FAE04EC0-301F-11D3-BF4B-00C04F79EFBC}") = "Estoque.Domain", "Estoque.Domain\Estoque.Domain.csproj", "{84180F6D-3445-4CE8-B639-834670DE8744}"
EndProject
Project("{FAE04EC0-301F-11D3-BF4B-00C04F79EFBC}") = "Estoque.Domain.Tests", "Estoque.Domain.Tests\Estoque.Domain.Tests.csproj", "{4F948577-D7C3-44D0-86C4-987BAC655F5F}"
EndProject
Project("{FAE04EC0-301F-11D3-BF4B-00C04F79EFBC}") = "Estoque.Application", "Estoque.Application\Estoque.Application.csproj", "{C9F12DA4-3AED-4ADA-A888-F03298E51A82}"
EndProject
Project("{FAE04EC0-301F-11D3-BF4B-00C04F79EFBC}") = "Estoque.Application.Tests", "Estoque.Application.Tests\Estoque.Application.Tests.csproj", "{B12BA05B-F733-4B56-97AB-CFD1B36EBA77}"
EndProject
Project("{FAE04EC0-301F-11D3-BF4B-00C04F79EFBC}") = "Estoque.Infrastructure", "Estoque.Infrastructure\Estoque.Infrastructure.csproj", "{5400A18F-368F-4E30-9D3D-FA30503B8EDE}"
EndProject
Project("{FAE04EC0-301F-11D3-BF4B-00C04F79EFBC}") = "Estoque.Infrastructure.Tests", "Estoque.Infrastructure.Tests\Estoque.Infrastructure.Tests.csproj", "{9BA7F6AA-0F46-49E5-A834-E664B79AEEBF}"
EndProject
Project("{FAE04EC0-301F-11D3-BF4B-00C04F79EFBC}") = "Estoque.API", "Estoque.API\Estoque.API.csproj", "{5D967D09-5DA7-4987-849A-42F82EAA32D3}"
EndProject
Project("{FAE04EC0-301F-11D3-BF4B-00C04F79EFBC}") = "Estoque.API.Tests", "Estoque.API.Tests\Estoque.API.Tests.csproj", "{D6904EBB-17CA-4B92-BFA6-70294F0BC596}"
EndProject
Global
	GlobalSection(SolutionConfigurationPlatforms) = preSolution
		Debug|Any CPU = Debug|Any CPU
		Release|Any CPU = Release|Any CPU
	EndGlobalSection
	GlobalSection(SolutionProperties) = preSolution
		HideSolutionNode = FALSE
	EndGlobalSection
	GlobalSection(ProjectConfigurationPlatforms) = postSolution
		{84180F6D-3445-4CE8-B639-834670DE8744}.Debug|Any CPU.ActiveCfg = Debug|Any CPU
		{84180F6D-3445-4CE8-B639-834670DE8744}.Debug|Any CPU.Build.0 = Debug|Any CPU
		{84180F6D-3445-4CE8-B639-834670DE8744}.Release|Any CPU.ActiveCfg = Release|Any CPU
		{84180F6D-3445-4CE8-B639-834670DE8744}.Release|Any CPU.Build.0 = Release|Any CPU
		{4F948577-D7C3-44D0-86C4-987BAC655F5F}.Debug|Any CPU.ActiveCfg = Debug|Any CPU
		{4F948577-D7C3-44D0-86C4-987BAC655F5F}.Debug|Any CPU.Build.0 = Debug|Any CPU
		{4F948577-D7C3-44D0-86C4-987BAC655F5F}.Release|Any CPU.ActiveCfg = Release|Any CPU
		{4F948577-D7C3-44D0-86C4-987BAC655F5F}.Release|Any CPU.Build.0 = Release|Any CPU
		{C9F12DA4-3AED-4ADA-A888-F03298E51A82}.Debug|Any CPU.ActiveCfg = Debug|Any CPU
		{C9F12DA4-3AED-4ADA-A888-F03298E51A82}.Debug|Any CPU.Build.0 = Debug|Any CPU
		{C9F12DA4-3AED-4ADA-A888-F03298E51A82}.Release|Any CPU.ActiveCfg = Release|Any CPU
		{C9F12DA4-3AED-4ADA-A888-F03298E51A82}.Release|Any CPU.Build.0 = Release|Any CPU
		{B12BA05B-F733-4B56-97AB-CFD1B36EBA77}.Debug|Any CPU.ActiveCfg = Debug|Any CPU
		{B12BA05B-F733-4B56-97AB-CFD1B36EBA77}.Debug|Any CPU.Build.0 = Debug|Any CPU
		{B12BA05B-F733-4B56-97AB-CFD1B36EBA77}.Release|Any CPU.ActiveCfg = Release|Any CPU
		{B12BA05B-F733-4B56-97AB-CFD1B36EBA77}.Release|Any CPU.Build.0 = Release|Any CPU
		{5400A18F-368F-4E30-9D3D-FA30503B8EDE}.Debug|Any CPU.ActiveCfg = Debug|Any CPU
		{5400A18F-368F-4E30-9D3D-FA30503B8EDE}.Debug|Any CPU.Build.0 = Debug|Any CPU
		{5400A18F-368F-4E30-9D3D-FA30503B8EDE}.Release|Any CPU.ActiveCfg = Release|Any CPU
		{5400A18F-368F-4E30-9D3D-FA30503B8EDE}.Release|Any CPU.Build.0 = Release|Any CPU
		{9BA7F6AA-0F46-49E5-A834-E664B79AEEBF}.Debug|Any CPU.ActiveCfg = Debug|Any CPU
		{9BA7F6AA-0F46-49E5-A834-E664B79AEEBF}.Debug|Any CPU.Build.0 = Debug|Any CPU
		{9BA7F6AA-0F46-49E5-A834-E664B79AEEBF}.Release|Any CPU.ActiveCfg = Release|Any CPU
		{9BA7F6AA-0F46-49E5-A834-E664B79AEEBF}.Release|Any CPU.Build.0 = Release|Any CPU
		{5D967D09-5DA7-4987-849A-42F82EAA32D3}.Debug|Any CPU.ActiveCfg = Debug|Any CPU
		{5D967D09-5DA7-4987-849A-42F82EAA32D3}.Debug|Any CPU.Build.0 = Debug|Any CPU
		{5D967D09-5DA7-4987-849A-42F82EAA32D3}.Release|Any CPU.ActiveCfg = Release|Any CPU
		{5D967D09-5DA7-4987-849A-42F82EAA32D3}.Release|Any CPU.Build.0 = Release|Any CPU
		{D6904EBB-17CA-4B92-BFA6-70294F0BC596}.Debug|Any CPU.ActiveCfg = Debug|Any CPU
		{D6904EBB-17CA-4B92-BFA6-70294F0BC596}.Debug|Any CPU.Build.0 = Debug|Any CPU
		{D6904EBB-17CA-4B92-BFA6-70294F0BC596}.Release|Any CPU.ActiveCfg = Release|Any CPU
		{D6904EBB-17CA-4B92-BFA6-70294F0BC596}.Release|Any CPU.Build.0 = Release|Any CPU
	EndGlobalSection
EndGlobal
